{
  "nodes": {
    "agenix": {
      "inputs": {
        "nixpkgs": [
          "nixpkgs"
        ]
      },
      "locked": {
        "lastModified": 1646845404,
        "narHash": "sha256-JENXFCI2HVqi0whBzt7MAW9PX3ziEaYqBhMux+4g+VM=",
        "owner": "ryantm",
        "repo": "agenix",
        "rev": "764c975e74bce2f89a5106b68ec48e2b586f893c",
        "type": "github"
      },
      "original": {
        "owner": "ryantm",
        "repo": "agenix",
        "type": "github"
      }
    },
    "deploy-rs": {
      "inputs": {
        "flake-compat": "flake-compat",
        "nixpkgs": [
          "nixpkgs"
        ],
        "utils": [
          "utils"
        ]
      },
      "locked": {
        "lastModified": 1643787431,
        "narHash": "sha256-8IwuVgXulRE3ZWq6z8mytarawC32pKPKR20EyDtSH+w=",
        "owner": "serokell",
        "repo": "deploy-rs",
        "rev": "4154ba1aaaf7333a916384c348d867d03b6f1409",
        "type": "github"
      },
      "original": {
        "owner": "serokell",
        "repo": "deploy-rs",
        "type": "github"
      }
    },
    "devshell": {
      "inputs": {
        "flake-utils": "flake-utils",
        "nixpkgs": "nixpkgs"
      },
      "locked": {
        "lastModified": 1647507059,
        "narHash": "sha256-1JyNnvQh1X7YhSyau1oNSv4WaTIIe/nUZYNffFzAO/g=",
        "owner": "numtide",
        "repo": "devshell",
        "rev": "f1c3e65d20f14870fa51d762e9e54c816fe356ef",
        "type": "github"
      },
      "original": {
        "owner": "numtide",
        "repo": "devshell",
        "type": "github"
      }
    },
    "discord-better-status": {
      "flake": false,
      "locked": {
        "lastModified": 1646776938,
        "narHash": "sha256-OYV/9/FqgiJhcPh5JTN3118ybUNYO8elTU2BopCtG1U=",
        "owner": "GriefMoDz",
        "repo": "better-status-indicators",
        "rev": "da023ae0fe88c41fa192de07208c8c30d48d9fe5",
        "type": "github"
      },
      "original": {
        "owner": "GriefMoDz",
        "repo": "better-status-indicators",
        "type": "github"
      }
    },
    "discord-read-all": {
      "flake": false,
      "locked": {
        "lastModified": 1573235933,
        "narHash": "sha256-Lu202rUBNG0knHmGrenrLyv9uElBCkpzl89fPGZoQ/c=",
        "owner": "intrnl",
        "repo": "powercord-read-all",
        "rev": "60dac33fe5bea3bcdaa5f02ffa9500ef1958c709",
        "type": "github"
      },
      "original": {
        "owner": "intrnl",
        "repo": "powercord-read-all",
        "type": "github"
      }
    },
    "discord-theme-slate": {
      "flake": false,
      "locked": {
        "lastModified": 1646959764,
        "narHash": "sha256-CH+G/ZnDXWX/5CSPDQRS2jCUkt7NuvZnP0n+1Z5xcFY=",
        "owner": "DiscordStyles",
        "repo": "Slate",
        "rev": "17076ab911e46f893a14de783653ee21e393f147",
        "type": "github"
      },
      "original": {
        "owner": "DiscordStyles",
        "repo": "Slate",
        "type": "github"
      }
    },
    "discord-theme-toggler": {
      "flake": false,
      "locked": {
        "lastModified": 1636501799,
        "narHash": "sha256-wq1x1rNBkcTuATDbR9yLykUmMRGGRPg6fDfPxl4qE2Q=",
        "owner": "redstonekasi",
        "repo": "theme-toggler",
        "rev": "c8063b35ec9d42064d36845950a53cd6e2099458",
        "type": "github"
      },
      "original": {
        "owner": "redstonekasi",
        "repo": "theme-toggler",
        "type": "github"
      }
    },
    "discord-tweaks": {
      "flake": false,
      "locked": {
        "lastModified": 1627600834,
        "narHash": "sha256-xSzbP86w5OUy1ZO1iHgv1drbujtlPQAgJmLA3x7UOFc=",
        "owner": "NurMarvin",
        "repo": "discord-tweaks",
        "rev": "bc28b090f9ed706d7f8271aeaa64bdcb886fd0ef",
        "type": "github"
      },
      "original": {
        "owner": "NurMarvin",
        "repo": "discord-tweaks",
        "type": "github"
      }
    },
    "discord-vc-timer": {
      "flake": false,
      "locked": {
        "lastModified": 1621410072,
        "narHash": "sha256-Mz3YrpXLPjYbGifL1UUP534E2drbl7mx3WQnM3s+dlI=",
        "owner": "RazerMoon",
        "repo": "vcTimer",
        "rev": "2a1860380b442f15070173a6f3c678bf60873eb1",
        "type": "github"
      },
      "original": {
        "owner": "RazerMoon",
        "repo": "vcTimer",
        "type": "github"
      }
    },
    "flake-compat": {
      "flake": false,
      "locked": {
        "lastModified": 1641205782,
        "narHash": "sha256-4jY7RCWUoZ9cKD8co0/4tFARpWB+57+r1bLLvXNJliY=",
        "owner": "edolstra",
        "repo": "flake-compat",
        "rev": "b7547d3eed6f32d06102ead8991ec52ab0a4f1a7",
        "type": "github"
      },
      "original": {
        "owner": "edolstra",
        "repo": "flake-compat",
        "type": "github"
      }
    },
    "flake-compat_2": {
      "flake": false,
      "locked": {
        "lastModified": 1641205782,
        "narHash": "sha256-4jY7RCWUoZ9cKD8co0/4tFARpWB+57+r1bLLvXNJliY=",
        "owner": "edolstra",
        "repo": "flake-compat",
        "rev": "b7547d3eed6f32d06102ead8991ec52ab0a4f1a7",
        "type": "github"
      },
      "original": {
        "owner": "edolstra",
        "repo": "flake-compat",
        "type": "github"
      }
    },
    "flake-utils": {
      "locked": {
        "lastModified": 1642700792,
        "narHash": "sha256-XqHrk7hFb+zBvRg6Ghl+AZDq03ov6OshJLiSWOoX5es=",
        "owner": "numtide",
        "repo": "flake-utils",
        "rev": "846b2ae0fc4cc943637d3d1def4454213e203cba",
        "type": "github"
      },
      "original": {
        "owner": "numtide",
        "repo": "flake-utils",
        "type": "github"
      }
    },
    "flake-utils_2": {
      "locked": {
        "lastModified": 1644229661,
        "narHash": "sha256-1YdnJAsNy69bpcjuoKdOYQX0YxZBiCYZo4Twxerqv7k=",
        "owner": "numtide",
        "repo": "flake-utils",
        "rev": "3cecb5b042f7f209c56ffd8371b2711a290ec797",
        "type": "github"
      },
      "original": {
        "owner": "numtide",
        "repo": "flake-utils",
        "type": "github"
      }
    },
    "flake-utils_3": {
      "locked": {
        "lastModified": 1644229661,
        "narHash": "sha256-1YdnJAsNy69bpcjuoKdOYQX0YxZBiCYZo4Twxerqv7k=",
        "owner": "numtide",
        "repo": "flake-utils",
        "rev": "3cecb5b042f7f209c56ffd8371b2711a290ec797",
        "type": "github"
      },
      "original": {
        "owner": "numtide",
        "repo": "flake-utils",
        "type": "github"
      }
    },
    "home-manager": {
      "inputs": {
        "nixpkgs": [
          "nixpkgs"
        ]
      },
      "locked": {
        "lastModified": 1647572216,
        "narHash": "sha256-HDOQ/Yq1ga5mbj0eUp/f5FY96TgOxwBjTfIRGsZsAlw=",
        "owner": "nix-community",
        "repo": "home-manager",
        "rev": "e2a85ac43f06859a50d067a029f0a303c4ca5264",
        "type": "github"
      },
      "original": {
        "owner": "nix-community",
        "repo": "home-manager",
        "type": "github"
      }
    },
    "mobile-nixos": {
      "flake": false,
      "locked": {
        "lastModified": 1647144108,
        "narHash": "sha256-taqtdA4BZOG4TDro1t+meWCvKV4rVTeYf440UwiGI2I=",
        "owner": "NixOS",
        "repo": "mobile-nixos",
        "rev": "c45932ae53aa0c5da9cfddd25e7cbb503f472147",
        "type": "github"
      },
      "original": {
        "owner": "NixOS",
        "repo": "mobile-nixos",
        "type": "github"
      }
    },
    "mutt-trim": {
      "flake": false,
      "locked": {
        "lastModified": 1623487613,
        "narHash": "sha256-Rd51+XPa3L7t+6dlWaHcaY7hBKKWeg5hQhBekFsQcOw=",
        "owner": "Konfekt",
        "repo": "mutt-trim",
        "rev": "08ef5faf07b06b9abda7909f5b15cf84150f821a",
        "type": "github"
      },
      "original": {
        "owner": "Konfekt",
        "repo": "mutt-trim",
        "type": "github"
      }
    },
    "neovim-flake": {
      "inputs": {
        "flake-utils": "flake-utils_2",
        "nixpkgs": [
          "neovim-nightly",
          "nixpkgs"
        ]
      },
      "locked": {
        "dir": "contrib",
        "lastModified": 1647578828,
        "narHash": "sha256-mqXuAZYwqDEI2FOBhWkQ8WBR+m+h4bJh1VAQtPeocA4=",
        "owner": "neovim",
        "repo": "neovim",
        "rev": "00effff56944d5b59440dcdb5e3496d49a76d3e2",
        "type": "github"
      },
      "original": {
        "dir": "contrib",
        "owner": "neovim",
        "repo": "neovim",
        "type": "github"
      }
    },
    "neovim-nightly": {
      "inputs": {
        "flake-compat": "flake-compat_2",
        "neovim-flake": "neovim-flake",
        "nixpkgs": [
          "nixpkgs"
        ]
      },
      "locked": {
        "lastModified": 1647591270,
        "narHash": "sha256-TKt13cb/kcUDHI3Yg5D6qeQOgauNrYencq7q+d9c2AA=",
        "owner": "nix-community",
        "repo": "neovim-nightly-overlay",
        "rev": "d9495602fc4d11f1048a810b4020d627184fcf06",
        "type": "github"
      },
      "original": {
        "owner": "nix-community",
        "repo": "neovim-nightly-overlay",
        "type": "github"
      }
    },
    "nixpkgs": {
      "locked": {
        "lastModified": 1643381941,
        "narHash": "sha256-pHTwvnN4tTsEKkWlXQ8JMY423epos8wUOhthpwJjtpc=",
        "owner": "NixOS",
        "repo": "nixpkgs",
        "rev": "5efc8ca954272c4376ac929f4c5ffefcc20551d5",
        "type": "github"
      },
      "original": {
        "owner": "NixOS",
        "ref": "nixpkgs-unstable",
        "repo": "nixpkgs",
        "type": "github"
      }
    },
    "nixpkgs_2": {
      "locked": {
        "lastModified": 1647628626,
        "narHash": "sha256-PaUonnVA1mg4kd06IsIu2mF2Q9u+GOPp96whZZ7b95Y=",
        "owner": "nixos",
        "repo": "nixpkgs",
        "rev": "d609c9c79e467929282a14c4226f823868e2672c",
        "type": "github"
      },
      "original": {
        "owner": "nixos",
        "repo": "nixpkgs",
        "type": "github"
      }
    },
    "nur": {
      "locked": {
        "lastModified": 1647624737,
        "narHash": "sha256-LHlyHgZIl7TDpdtPHKrGxsbrSZgx3BcYmXCkMPYM9wQ=",
        "owner": "nix-community",
        "repo": "NUR",
        "rev": "c2ed3be46a642be8f46be57faa24aac3765d3676",
        "type": "github"
      },
      "original": {
        "owner": "nix-community",
        "repo": "NUR",
        "type": "github"
      }
    },
    "powercord": {
      "inputs": {
        "nixpkgs": [
          "nixpkgs"
        ],
        "powercord": "powercord_2"
      },
      "locked": {
        "lastModified": 1646308577,
        "narHash": "sha256-6frqjMZXe1Qpc3Bg+nv+bS4FFuKWb3xGnzatVcu8HXs=",
        "owner": "LavaDesu",
        "repo": "powercord-overlay",
        "rev": "85029adccb6fbbdbeacea3c296fbb225e7eb8ae1",
        "type": "github"
      },
      "original": {
        "owner": "LavaDesu",
        "repo": "powercord-overlay",
        "type": "github"
      }
    },
    "powercord_2": {
      "flake": false,
      "locked": {
        "lastModified": 1646258494,
        "narHash": "sha256-TU2yXr9T5zMSumciw9IaYRP1Tt7uy97opgFSYa7rP2o=",
        "owner": "powercord-org",
        "repo": "powercord",
        "rev": "8b99354d3186ef34b3ea239da4b07d6f157a7714",
        "type": "github"
      },
      "original": {
        "owner": "powercord-org",
        "repo": "powercord",
        "type": "github"
      }
    },
    "root": {
      "inputs": {
        "agenix": "agenix",
        "deploy-rs": "deploy-rs",
        "devshell": "devshell",
        "discord-better-status": "discord-better-status",
        "discord-read-all": "discord-read-all",
        "discord-theme-slate": "discord-theme-slate",
        "discord-theme-toggler": "discord-theme-toggler",
        "discord-tweaks": "discord-tweaks",
        "discord-vc-timer": "discord-vc-timer",
        "home-manager": "home-manager",
        "mobile-nixos": "mobile-nixos",
        "mutt-trim": "mutt-trim",
        "neovim-nightly": "neovim-nightly",
        "nixpkgs": "nixpkgs_2",
        "nur": "nur",
        "powercord": "powercord",
        "telescope-hoogle": "telescope-hoogle",
        "unstable": "unstable",
        "utils": "utils",
        "vim-solarized8": "vim-solarized8",
        "zsh-vimode-visual": "zsh-vimode-visual"
      }
    },
    "telescope-hoogle": {
      "flake": false,
      "locked": {
        "lastModified": 1615453063,
        "narHash": "sha256-uMriQ9NeeYySrbRuOdycJOdL0PV+mp8MSYGB3TMHOsQ=",
        "owner": "luc-tielen",
        "repo": "telescope_hoogle",
        "rev": "01d3b174754cb335a7f06ce602f1690e34bb63de",
        "type": "github"
      },
      "original": {
        "owner": "luc-tielen",
        "repo": "telescope_hoogle",
        "type": "github"
      }
    },
    "unstable": {
      "locked": {
        "lastModified": 1647297614,
        "narHash": "sha256-ulGq3W5XsrBMU/u5k9d4oPy65pQTkunR4HKKtTq0RwY=",
        "owner": "nixos",
        "repo": "nixpkgs",
        "rev": "73ad5f9e147c0d2a2061f1d4bd91e05078dc0b58",
        "type": "github"
      },
      "original": {
        "owner": "nixos",
        "ref": "nixos-unstable",
        "repo": "nixpkgs",
        "type": "github"
      }
    },
    "utils": {
      "inputs": {
        "flake-utils": "flake-utils_3"
      },
      "locked": {
        "lastModified": 1647259887,
        "narHash": "sha256-yEkMbEHVO9qydluQ3uHGWX1PkfZhgDKxnd1rhZYZ72w=",
        "owner": "gytis-ivaskevicius",
        "repo": "flake-utils-plus",
        "rev": "06dba5f3b4fa2cc0bfc98ce9cd6f9a4d8db11d46",
        "type": "github"
      },
      "original": {
        "owner": "gytis-ivaskevicius",
        "repo": "flake-utils-plus",
        "type": "github"
      }
    },
    "vim-solarized8": {
      "flake": false,
      "locked": {
        "lastModified": 1619289479,
        "narHash": "sha256-usnDuV0EJ7jD0eB+/NLIhLRle865hbbuF7MC33R3AG8=",
        "owner": "lifepillar",
        "repo": "vim-solarized8",
        "rev": "28b81a4263054f9584a98f94cca3e42815d44725",
        "type": "github"
      },
      "original": {
        "owner": "lifepillar",
        "repo": "vim-solarized8",
        "type": "github"
      }
    },
    "zsh-vimode-visual": {
      "flake": false,
      "locked": {
        "lastModified": 1553504063,
        "narHash": "sha256-rVFWVouNHBswDplmTlswy79OPTY74vdl5Xyg5RVAgFQ=",
        "owner": "b4b4r07",
        "repo": "zsh-vimode-visual",
        "rev": "1e39cf896d87e367f76d84f8db4a79506fc556c1",
        "type": "github"
      },
      "original": {
        "owner": "b4b4r07",
        "repo": "zsh-vimode-visual",
        "type": "github"
      }
    }
  },
  "root": "root",
  "version": 7
}
