{
  "nodes": {
    "cmp-buffer": {
      "flake": false,
      "locked": {
        "lastModified": 1637614482,
        "narHash": "sha256-FdWs15eTad4igwN5F5+CKxSMQi9eX07BXjM/HgTIURc=",
        "owner": "hrsh7th",
        "repo": "cmp-buffer",
        "rev": "a706dc69c49110038fe570e5c9c33d6d4f67015b",
        "type": "github"
      },
      "original": {
        "owner": "hrsh7th",
        "repo": "cmp-buffer",
        "type": "github"
      }
    },
    "cmp-nvim-lsp": {
      "flake": false,
      "locked": {
        "lastModified": 1636543770,
        "narHash": "sha256-jLfW4xoYnEOWa7oWSmkB7vNxu9Jgttbme+nTiAC92so=",
        "owner": "hrsh7th",
        "repo": "cmp-nvim-lsp",
        "rev": "134117299ff9e34adde30a735cd8ca9cf8f3db81",
        "type": "github"
      },
      "original": {
        "owner": "hrsh7th",
        "repo": "cmp-nvim-lsp",
        "type": "github"
      }
    },
    "discord-better-status": {
      "flake": false,
      "locked": {
        "lastModified": 1638530151,
        "narHash": "sha256-DhTne4HdDpxEgBquFzw3jraL1SX2HiG791HdKd9s9Xw=",
        "owner": "GriefMoDz",
        "repo": "better-status-indicators",
        "rev": "545a0b9d837fc6178bc6df4476f88ed0397ad74c",
        "type": "github"
      },
      "original": {
        "owner": "GriefMoDz",
        "repo": "better-status-indicators",
        "type": "github"
      }
    },
    "discord-read-all": {
      "flake": false,
      "locked": {
        "lastModified": 1573235933,
        "narHash": "sha256-Lu202rUBNG0knHmGrenrLyv9uElBCkpzl89fPGZoQ/c=",
        "owner": "intrnl",
        "repo": "powercord-read-all",
        "rev": "60dac33fe5bea3bcdaa5f02ffa9500ef1958c709",
        "type": "github"
      },
      "original": {
        "owner": "intrnl",
        "repo": "powercord-read-all",
        "type": "github"
      }
    },
    "discord-theme-slate": {
      "flake": false,
      "locked": {
        "lastModified": 1638693318,
        "narHash": "sha256-CS+y3zvJ0tT+bky7Q6HazuWmXqymMZ8wZ8MXyRbAIWw=",
        "owner": "DiscordStyles",
        "repo": "Slate",
        "rev": "75e4cdd1004cbe3a626cd8d18827c4e5ad1de71f",
        "type": "github"
      },
      "original": {
        "owner": "DiscordStyles",
        "repo": "Slate",
        "type": "github"
      }
    },
    "discord-theme-toggler": {
      "flake": false,
      "locked": {
        "lastModified": 1636501799,
        "narHash": "sha256-wq1x1rNBkcTuATDbR9yLykUmMRGGRPg6fDfPxl4qE2Q=",
        "owner": "redstonekasi",
        "repo": "theme-toggler",
        "rev": "c8063b35ec9d42064d36845950a53cd6e2099458",
        "type": "github"
      },
      "original": {
        "owner": "redstonekasi",
        "repo": "theme-toggler",
        "type": "github"
      }
    },
    "discord-tweaks": {
      "flake": false,
      "locked": {
        "lastModified": 1627600834,
        "narHash": "sha256-xSzbP86w5OUy1ZO1iHgv1drbujtlPQAgJmLA3x7UOFc=",
        "owner": "NurMarvin",
        "repo": "discord-tweaks",
        "rev": "bc28b090f9ed706d7f8271aeaa64bdcb886fd0ef",
        "type": "github"
      },
      "original": {
        "owner": "NurMarvin",
        "repo": "discord-tweaks",
        "type": "github"
      }
    },
    "discord-vc-timer": {
      "flake": false,
      "locked": {
        "lastModified": 1621410072,
        "narHash": "sha256-Mz3YrpXLPjYbGifL1UUP534E2drbl7mx3WQnM3s+dlI=",
        "owner": "RazerMoon",
        "repo": "vcTimer",
        "rev": "2a1860380b442f15070173a6f3c678bf60873eb1",
        "type": "github"
      },
      "original": {
        "owner": "RazerMoon",
        "repo": "vcTimer",
        "type": "github"
      }
    },
    "flake-compat": {
      "flake": false,
      "locked": {
        "lastModified": 1627913399,
        "narHash": "sha256-hY8g6H2KFL8ownSiFeMOjwPC8P0ueXpCVEbxgda3pko=",
        "owner": "edolstra",
        "repo": "flake-compat",
        "rev": "12c64ca55c1014cdc1b16ed5a804aa8576601ff2",
        "type": "github"
      },
      "original": {
        "owner": "edolstra",
        "repo": "flake-compat",
        "type": "github"
      }
    },
    "flake-compat_2": {
      "flake": false,
      "locked": {
        "lastModified": 1627913399,
        "narHash": "sha256-hY8g6H2KFL8ownSiFeMOjwPC8P0ueXpCVEbxgda3pko=",
        "owner": "edolstra",
        "repo": "flake-compat",
        "rev": "12c64ca55c1014cdc1b16ed5a804aa8576601ff2",
        "type": "github"
      },
      "original": {
        "owner": "edolstra",
        "repo": "flake-compat",
        "type": "github"
      }
    },
    "flake-utils": {
      "locked": {
        "lastModified": 1638122382,
        "narHash": "sha256-sQzZzAbvKEqN9s0bzWuYmRaA03v40gaJ4+iL1LXjaeI=",
        "owner": "numtide",
        "repo": "flake-utils",
        "rev": "74f7e4319258e287b0f9cb95426c9853b282730b",
        "type": "github"
      },
      "original": {
        "owner": "numtide",
        "repo": "flake-utils",
        "type": "github"
      }
    },
    "flake-utils-plus": {
      "inputs": {
        "flake-utils": "flake-utils_2"
      },
      "locked": {
        "lastModified": 1638172912,
        "narHash": "sha256-jxhQGNEsZTdop/Br3JPS+xmBf6t9cIWRzVZFxbT76Rw=",
        "owner": "gytis-ivaskevicius",
        "repo": "flake-utils-plus",
        "rev": "166d6ebd9f0de03afc98060ac92cba9c71cfe550",
        "type": "github"
      },
      "original": {
        "owner": "gytis-ivaskevicius",
        "repo": "flake-utils-plus",
        "type": "github"
      }
    },
    "flake-utils_2": {
      "locked": {
        "lastModified": 1638122382,
        "narHash": "sha256-sQzZzAbvKEqN9s0bzWuYmRaA03v40gaJ4+iL1LXjaeI=",
        "owner": "numtide",
        "repo": "flake-utils",
        "rev": "74f7e4319258e287b0f9cb95426c9853b282730b",
        "type": "github"
      },
      "original": {
        "owner": "numtide",
        "repo": "flake-utils",
        "type": "github"
      }
    },
    "flake-utils_3": {
      "locked": {
        "lastModified": 1629481132,
        "narHash": "sha256-JHgasjPR0/J1J3DRm4KxM4zTyAj4IOJY8vIl75v/kPI=",
        "owner": "numtide",
        "repo": "flake-utils",
        "rev": "997f7efcb746a9c140ce1f13c72263189225f482",
        "type": "github"
      },
      "original": {
        "owner": "numtide",
        "repo": "flake-utils",
        "type": "github"
      }
    },
    "home-manager": {
      "inputs": {
        "nixpkgs": [
          "nixpkgs"
        ]
      },
      "locked": {
        "lastModified": 1638415301,
        "narHash": "sha256-iqszstbHaO5PYeBXQf1ukgYj/aq9wznBbZMrtYMZzgI=",
        "owner": "nix-community",
        "repo": "home-manager",
        "rev": "de54d513c74bf8f4f3a58954b80b5f690639fe72",
        "type": "github"
      },
      "original": {
        "owner": "nix-community",
        "repo": "home-manager",
        "type": "github"
      }
    },
    "mutt-trim": {
      "flake": false,
      "locked": {
        "lastModified": 1623487613,
        "narHash": "sha256-Rd51+XPa3L7t+6dlWaHcaY7hBKKWeg5hQhBekFsQcOw=",
        "owner": "Konfekt",
        "repo": "mutt-trim",
        "rev": "08ef5faf07b06b9abda7909f5b15cf84150f821a",
        "type": "github"
      },
      "original": {
        "owner": "Konfekt",
        "repo": "mutt-trim",
        "type": "github"
      }
    },
    "neovim-flake": {
      "inputs": {
        "flake-utils": "flake-utils_3",
        "nixpkgs": [
          "neovim-nightly",
          "nixpkgs"
        ]
      },
      "locked": {
        "dir": "contrib",
        "lastModified": 1638385790,
        "narHash": "sha256-791hsmqwDM5iwWQr4JMtS8D10MAp9bbJ23Sgi0GGkmo=",
        "owner": "neovim",
        "repo": "neovim",
        "rev": "73b35ef10f95536874bfa147c44f62c4fea08f0f",
        "type": "github"
      },
      "original": {
        "dir": "contrib",
        "owner": "neovim",
        "repo": "neovim",
        "type": "github"
      }
    },
    "neovim-nightly": {
      "inputs": {
        "flake-compat": "flake-compat_2",
        "neovim-flake": "neovim-flake",
        "nixpkgs": [
          "nixpkgs"
        ]
      },
      "locked": {
        "lastModified": 1638432836,
        "narHash": "sha256-zWRWheybaMS7/4+1ZZMnjAMW7N6oPUsgG7yFRG65hgA=",
        "owner": "nix-community",
        "repo": "neovim-nightly-overlay",
        "rev": "717e854564cb1232d0024b50f4879da0490fcebe",
        "type": "github"
      },
      "original": {
        "owner": "nix-community",
        "repo": "neovim-nightly-overlay",
        "type": "github"
      }
    },
    "nixpkgs": {
      "locked": {
        "lastModified": 1638376152,
        "narHash": "sha256-ucgLpVqhFnClH7YRUHBHnmiOd82RZdFR3XJt36ks5fE=",
        "owner": "nixos",
        "repo": "nixpkgs",
        "rev": "6daa4a5c045d40e6eae60a3b6e427e8700f1c07f",
        "type": "github"
      },
      "original": {
        "owner": "nixos",
        "ref": "nixos-unstable",
        "repo": "nixpkgs",
        "type": "github"
      }
    },
    "nur": {
      "locked": {
        "lastModified": 1638435562,
        "narHash": "sha256-l7+pHUJ3C2WVEWRDANHuIJ9R4AhxZoAgDC0HbkrjlWI=",
        "owner": "nix-community",
        "repo": "NUR",
        "rev": "68bbcc08934f7185fb39d8abaf9b4dbcadf045bf",
        "type": "github"
      },
      "original": {
        "owner": "nix-community",
        "repo": "NUR",
        "type": "github"
      }
    },
    "nvim-cmp": {
      "flake": false,
      "locked": {
        "lastModified": 1638429144,
        "narHash": "sha256-LdMGESvpPN0dtiuEtgZWcVTJEY7ewyqwEPCX+xAhPmg=",
        "owner": "hrsh7th",
        "repo": "nvim-cmp",
        "rev": "10f5883c986967fa49b5219ece2404339dcfb84c",
        "type": "github"
      },
      "original": {
        "owner": "hrsh7th",
        "repo": "nvim-cmp",
        "type": "github"
      }
    },
    "powercord": {
      "inputs": {
        "nixpkgs": [
          "nixpkgs"
        ],
        "powercord": "powercord_2",
        "utils": [
          "flake-utils-plus"
        ]
      },
      "locked": {
        "lastModified": 1634905040,
        "narHash": "sha256-DAzzwfZCRk9HTlDwdrleFGlg8Y5wVFDvIXsnZnNnn9s=",
        "owner": "LavaDesu",
        "repo": "powercord-overlay",
        "rev": "b80649b63864bdc06c65d069ae9e8d440fd7e68a",
        "type": "github"
      },
      "original": {
        "owner": "LavaDesu",
        "repo": "powercord-overlay",
        "type": "github"
      }
    },
    "powercord_2": {
      "flake": false,
      "locked": {
        "lastModified": 1634897852,
        "narHash": "sha256-VuPvcTGkhTnZhrAskKWjuT8AigL+T7Lg3kUNRBJXi5E=",
        "owner": "powercord-org",
        "repo": "powercord",
        "rev": "1d2318bcd7c5e5a5230d8bf25813ed648cfd7b76",
        "type": "github"
      },
      "original": {
        "owner": "powercord-org",
        "repo": "powercord",
        "type": "github"
      }
    },
    "root": {
      "inputs": {
        "cmp-buffer": "cmp-buffer",
        "cmp-nvim-lsp": "cmp-nvim-lsp",
        "discord-better-status": "discord-better-status",
        "discord-read-all": "discord-read-all",
        "discord-theme-slate": "discord-theme-slate",
        "discord-theme-toggler": "discord-theme-toggler",
        "discord-tweaks": "discord-tweaks",
        "discord-vc-timer": "discord-vc-timer",
        "flake-compat": "flake-compat",
        "flake-utils": "flake-utils",
        "flake-utils-plus": "flake-utils-plus",
        "home-manager": "home-manager",
        "mutt-trim": "mutt-trim",
        "neovim-nightly": "neovim-nightly",
        "nixpkgs": "nixpkgs",
        "nur": "nur",
        "nvim-cmp": "nvim-cmp",
        "powercord": "powercord",
        "telescope-hoogle": "telescope-hoogle",
        "vim-solarized8": "vim-solarized8"
      }
    },
    "telescope-hoogle": {
      "flake": false,
      "locked": {
        "lastModified": 1615453063,
        "narHash": "sha256-uMriQ9NeeYySrbRuOdycJOdL0PV+mp8MSYGB3TMHOsQ=",
        "owner": "luc-tielen",
        "repo": "telescope_hoogle",
        "rev": "01d3b174754cb335a7f06ce602f1690e34bb63de",
        "type": "github"
      },
      "original": {
        "owner": "luc-tielen",
        "repo": "telescope_hoogle",
        "type": "github"
      }
    },
    "vim-solarized8": {
      "flake": false,
      "locked": {
        "lastModified": 1619289479,
        "narHash": "sha256-usnDuV0EJ7jD0eB+/NLIhLRle865hbbuF7MC33R3AG8=",
        "owner": "lifepillar",
        "repo": "vim-solarized8",
        "rev": "28b81a4263054f9584a98f94cca3e42815d44725",
        "type": "github"
      },
      "original": {
        "owner": "lifepillar",
        "repo": "vim-solarized8",
        "type": "github"
      }
    }
  },
  "root": "root",
  "version": 7
}
