{
  "nodes": {
    "agenix": {
      "inputs": {
        "darwin": "darwin",
        "nixpkgs": [
          "nixpkgs"
        ]
      },
      "locked": {
        "lastModified": 1677453742,
        "narHash": "sha256-/DNOThcCGz21Met/aMhm7NGqughtpxQzrlAqTuq+YZQ=",
        "owner": "ryantm",
        "repo": "agenix",
        "rev": "4828951d9d05accd244bf8c24706f046b485aceb",
        "type": "github"
      },
      "original": {
        "owner": "ryantm",
        "repo": "agenix",
        "type": "github"
      }
    },
    "bufresize-nvim": {
      "flake": false,
      "locked": {
        "lastModified": 1647824331,
        "narHash": "sha256-6jqlKe8Ekm+3dvlgFCpJnI0BZzWC3KDYoOb88/itH+g=",
        "owner": "kwkarlwang",
        "repo": "bufresize.nvim",
        "rev": "3b19527ab936d6910484dcc20fb59bdb12322d8b",
        "type": "github"
      },
      "original": {
        "owner": "kwkarlwang",
        "repo": "bufresize.nvim",
        "type": "github"
      }
    },
    "cmp-conventionalcommits": {
      "flake": false,
      "locked": {
        "lastModified": 1665962366,
        "narHash": "sha256-PAEWX0U8qbBwC3DqfCrDDlTLoIRIlcbwS1eDu3yarTc=",
        "owner": "davidsierradz",
        "repo": "cmp-conventionalcommits",
        "rev": "a4dfacf0601130b7f8afa7c948d735c27802fb7f",
        "type": "github"
      },
      "original": {
        "owner": "davidsierradz",
        "repo": "cmp-conventionalcommits",
        "type": "github"
      }
    },
    "cmp-dap": {
      "flake": false,
      "locked": {
        "lastModified": 1668340530,
        "narHash": "sha256-w+gGaZxXjb2B0dMXhfduEQKtO5CmQnuUdh4otpcsFuc=",
        "owner": "rcarriga",
        "repo": "cmp-dap",
        "rev": "d16f14a210cd28988b97ca8339d504533b7e09a4",
        "type": "github"
      },
      "original": {
        "owner": "rcarriga",
        "repo": "cmp-dap",
        "type": "github"
      }
    },
    "cmp-nvim-lsp-signature-help": {
      "flake": false,
      "locked": {
        "lastModified": 1675422985,
        "narHash": "sha256-yDxYvjTIeXIKYR3tg+bf+okXKr5JYc/I9obP+6uKey4=",
        "owner": "hrsh7th",
        "repo": "cmp-nvim-lsp-signature-help",
        "rev": "3d8912ebeb56e5ae08ef0906e3a54de1c66b92f1",
        "type": "github"
      },
      "original": {
        "owner": "hrsh7th",
        "repo": "cmp-nvim-lsp-signature-help",
        "type": "github"
      }
    },
    "darwin": {
      "inputs": {
        "nixpkgs": [
          "agenix",
          "nixpkgs"
        ]
      },
      "locked": {
        "lastModified": 1673295039,
        "narHash": "sha256-AsdYgE8/GPwcelGgrntlijMg4t3hLFJFCRF3tL5WVjA=",
        "owner": "lnl7",
        "repo": "nix-darwin",
        "rev": "87b9d090ad39b25b2400029c64825fc2a8868943",
        "type": "github"
      },
      "original": {
        "owner": "lnl7",
        "ref": "master",
        "repo": "nix-darwin",
        "type": "github"
      }
    },
    "devshell": {
      "inputs": {
        "flake-utils": [
          "utils"
        ],
        "nixpkgs": [
          "nixpkgs"
        ]
      },
      "locked": {
        "lastModified": 1677576895,
        "narHash": "sha256-EtV2sOcIxqZUVijAb5HyCIq7Oft72bgQ3Me8YlKd5jE=",
        "owner": "numtide",
        "repo": "devshell",
        "rev": "05a1e4a4b02cb7bfc8d031064f9d5a2cc27c8847",
        "type": "github"
      },
      "original": {
        "owner": "numtide",
        "repo": "devshell",
        "type": "github"
      }
    },
    "discord-better-status": {
      "flake": false,
      "locked": {
        "lastModified": 1664071576,
        "narHash": "sha256-vnqJxrD2XVohKuPDRLnv9D88+H2qRVRJtsDBEmqCyYM=",
        "owner": "GriefMoDz",
        "repo": "better-status-indicators",
        "rev": "096b5233112da60949e1514379ddd4c160f3f3f0",
        "type": "github"
      },
      "original": {
        "owner": "GriefMoDz",
        "repo": "better-status-indicators",
        "type": "github"
      }
    },
    "discord-read-all": {
      "flake": false,
      "locked": {
        "lastModified": 1573235933,
        "narHash": "sha256-Lu202rUBNG0knHmGrenrLyv9uElBCkpzl89fPGZoQ/c=",
        "owner": "intrnl",
        "repo": "powercord-read-all",
        "rev": "60dac33fe5bea3bcdaa5f02ffa9500ef1958c709",
        "type": "github"
      },
      "original": {
        "owner": "intrnl",
        "repo": "powercord-read-all",
        "type": "github"
      }
    },
    "discord-theme-slate": {
      "flake": false,
      "locked": {
        "lastModified": 1668768513,
        "narHash": "sha256-A9l5YjClXCn2o9CAZ9t++wgT6BxLhtaOVmqShgpkXQY=",
        "owner": "DiscordStyles",
        "repo": "Slate",
        "rev": "31337308a42f9164b651ae69bc837f290244daaf",
        "type": "github"
      },
      "original": {
        "owner": "DiscordStyles",
        "repo": "Slate",
        "type": "github"
      }
    },
    "discord-theme-toggler": {
      "flake": false,
      "locked": {
        "lastModified": 1656407466,
        "narHash": "sha256-bmrpWz6/rl08NQFBRZl0VnvkRWOVCjRZhxoSUyCUN/g=",
        "owner": "redstonekasi",
        "repo": "theme-toggler",
        "rev": "4f2bacff43074f421017d0a37d5afb126459cb90",
        "type": "github"
      },
      "original": {
        "owner": "redstonekasi",
        "repo": "theme-toggler",
        "type": "github"
      }
    },
    "discord-tweaks": {
      "flake": false,
      "locked": {
        "lastModified": 1627600834,
        "narHash": "sha256-xSzbP86w5OUy1ZO1iHgv1drbujtlPQAgJmLA3x7UOFc=",
        "owner": "NurMarvin",
        "repo": "discord-tweaks",
        "rev": "bc28b090f9ed706d7f8271aeaa64bdcb886fd0ef",
        "type": "github"
      },
      "original": {
        "owner": "NurMarvin",
        "repo": "discord-tweaks",
        "type": "github"
      }
    },
    "discord-vc-timer": {
      "flake": false,
      "locked": {
        "lastModified": 1621410072,
        "narHash": "sha256-Mz3YrpXLPjYbGifL1UUP534E2drbl7mx3WQnM3s+dlI=",
        "owner": "RazerMoon",
        "repo": "vcTimer",
        "rev": "2a1860380b442f15070173a6f3c678bf60873eb1",
        "type": "github"
      },
      "original": {
        "owner": "RazerMoon",
        "repo": "vcTimer",
        "type": "github"
      }
    },
    "firenvim": {
      "flake": false,
      "locked": {
        "lastModified": 1677652963,
        "narHash": "sha256-mRFMcALbB7+7hQNB0DFyYMI0UWmi3D8R0LX5HqIhztY=",
        "owner": "glacambre",
        "repo": "firenvim",
        "rev": "8a5bde3dc52c58c40ddc9784149ba21489371021",
        "type": "github"
      },
      "original": {
        "owner": "glacambre",
        "repo": "firenvim",
        "type": "github"
      }
    },
    "flake-compat": {
      "flake": false,
      "locked": {
        "lastModified": 1673956053,
        "narHash": "sha256-4gtG9iQuiKITOjNQQeQIpoIB6b16fm+504Ch3sNKLd8=",
        "owner": "edolstra",
        "repo": "flake-compat",
        "rev": "35bb57c0c8d8b62bbfd284272c928ceb64ddbde9",
        "type": "github"
      },
      "original": {
        "owner": "edolstra",
        "repo": "flake-compat",
        "type": "github"
      }
    },
    "flake-utils": {
      "locked": {
        "lastModified": 1667395993,
        "narHash": "sha256-nuEHfE/LcWyuSWnS8t12N1wc105Qtau+/OdUAjtQ0rA=",
        "owner": "numtide",
        "repo": "flake-utils",
        "rev": "5aed5285a952e0b949eb3ba02c12fa4fcfef535f",
        "type": "github"
      },
      "original": {
        "owner": "numtide",
        "repo": "flake-utils",
        "type": "github"
      }
    },
    "flake-utils_2": {
      "locked": {
        "lastModified": 1644229661,
        "narHash": "sha256-1YdnJAsNy69bpcjuoKdOYQX0YxZBiCYZo4Twxerqv7k=",
        "owner": "numtide",
        "repo": "flake-utils",
        "rev": "3cecb5b042f7f209c56ffd8371b2711a290ec797",
        "type": "github"
      },
      "original": {
        "owner": "numtide",
        "repo": "flake-utils",
        "type": "github"
      }
    },
    "haskell-tools-nvim": {
      "flake": false,
      "locked": {
        "lastModified": 1677378400,
        "narHash": "sha256-BEU4IDYUW3XSZ3breigLtaaWaE58W80i1TOqOhjyvSg=",
        "owner": "MrcJkb",
        "repo": "haskell-tools.nvim",
        "rev": "b2eac1273d237fac65616930a8c240de8c598a75",
        "type": "github"
      },
      "original": {
        "owner": "MrcJkb",
        "repo": "haskell-tools.nvim",
        "type": "github"
      }
    },
    "home-manager": {
      "inputs": {
        "nixpkgs": [
          "nixpkgs"
        ],
        "utils": [
          "utils"
        ]
      },
      "locked": {
        "lastModified": 1677756477,
        "narHash": "sha256-EZzkIti0a7Xlmuzx0ECXmiBIxz3mXrIS4ppb8eqshWE=",
        "owner": "nix-community",
        "repo": "home-manager",
        "rev": "547a3bc8d464cb2a22e4cf0dbbb746f8c654151a",
        "type": "github"
      },
      "original": {
        "owner": "nix-community",
        "repo": "home-manager",
        "type": "github"
      }
    },
    "hydra": {
      "flake": false,
      "locked": {
        "lastModified": 1675678260,
        "narHash": "sha256-MBlC7qQMVNNfOFcvTnw1DREOS9QWoI4zsyu3QYqIkLc=",
        "owner": "anuvyklack",
        "repo": "hydra.nvim",
        "rev": "3ced42c0b6a6c85583ff0f221635a7f4c1ab0dd0",
        "type": "github"
      },
      "original": {
        "owner": "anuvyklack",
        "repo": "hydra.nvim",
        "type": "github"
      }
    },
    "impermanence": {
      "locked": {
        "lastModified": 1675359654,
        "narHash": "sha256-FPxzuvJkcO49g4zkWLSeuZkln54bLoTtrggZDJBH90I=",
        "owner": "nix-community",
        "repo": "impermanence",
        "rev": "6138eb8e737bffabd4c8fc78ae015d4fd6a7e2fd",
        "type": "github"
      },
      "original": {
        "owner": "nix-community",
        "repo": "impermanence",
        "type": "github"
      }
    },
    "kmonad": {
      "inputs": {
        "nixpkgs": [
          "nixpkgs"
        ]
      },
      "locked": {
        "dir": "nix",
        "lastModified": 1673185501,
        "narHash": "sha256-uEtWPpl9nH7QqochHo1z+giPga1zXR1Ko3dOXHIapFY=",
        "owner": "kmonad",
        "repo": "kmonad",
        "rev": "3413f1be996142c8ef4f36e246776a6df7175979",
        "type": "github"
      },
      "original": {
        "dir": "nix",
        "owner": "kmonad",
        "repo": "kmonad",
        "type": "github"
      }
    },
    "mind-nvim": {
      "flake": false,
      "locked": {
        "lastModified": 1674572816,
        "narHash": "sha256-yLf/2NvPT0RtFh6+0W32Uaj3Tjs52oyZSb8Jq3INZI4=",
        "owner": "phaazon",
        "repo": "mind.nvim",
        "rev": "e59c52758c399caceb549c698cfa2d65e6bbb9f9",
        "type": "github"
      },
      "original": {
        "owner": "phaazon",
        "repo": "mind.nvim",
        "type": "github"
      }
    },
    "mini-nvim": {
      "flake": false,
      "locked": {
        "lastModified": 1677754500,
        "narHash": "sha256-lBY7OjUpH+kI+a2GWTMev+RiKCn7J9jkd9XIW3jLTmg=",
        "owner": "echasnovski",
        "repo": "mini.nvim",
        "rev": "c16a18124da94fd6d35669a2208b78da0fdd18e2",
        "type": "github"
      },
      "original": {
        "owner": "echasnovski",
        "repo": "mini.nvim",
        "type": "github"
      }
    },
    "mobile-nixos": {
      "flake": false,
      "locked": {
        "lastModified": 1677431790,
        "narHash": "sha256-diCr0inBOSQYehHSxYQ2Wb5dYSrLfJYqbH2gJYmSL/c=",
        "owner": "NixOS",
        "repo": "mobile-nixos",
        "rev": "c252e7bd9122704f0e0303c638f8b8412c2521c2",
        "type": "github"
      },
      "original": {
        "owner": "NixOS",
        "repo": "mobile-nixos",
        "type": "github"
      }
    },
    "mutt-trim": {
      "flake": false,
      "locked": {
        "lastModified": 1623487613,
        "narHash": "sha256-Rd51+XPa3L7t+6dlWaHcaY7hBKKWeg5hQhBekFsQcOw=",
        "owner": "Konfekt",
        "repo": "mutt-trim",
        "rev": "08ef5faf07b06b9abda7909f5b15cf84150f821a",
        "type": "github"
      },
      "original": {
        "owner": "Konfekt",
        "repo": "mutt-trim",
        "type": "github"
      }
    },
    "neogen": {
      "flake": false,
      "locked": {
        "lastModified": 1676973701,
        "narHash": "sha256-P9TGfwpCXYIX7Yb6IKpG5yPLJl9oRTBr3XhimuW7Ffs=",
        "owner": "danymat",
        "repo": "neogen",
        "rev": "93d997dbddfe084e77ba4541c54a7b8bfd754fb1",
        "type": "github"
      },
      "original": {
        "owner": "danymat",
        "repo": "neogen",
        "type": "github"
      }
    },
    "neosolarized-nvim": {
      "flake": false,
      "locked": {
        "lastModified": 1674396559,
        "narHash": "sha256-gmCq/ynkeV3lbAxlUfzQP5TCj7P5zJrRoYeTg8qjinE=",
        "owner": "Tsuzat",
        "repo": "NeoSolarized.nvim",
        "rev": "d28e79c3be31a8e2554278d40780a268184bb365",
        "type": "github"
      },
      "original": {
        "owner": "Tsuzat",
        "repo": "NeoSolarized.nvim",
        "type": "github"
      }
    },
    "neotest": {
      "flake": false,
      "locked": {
        "lastModified": 1676972888,
        "narHash": "sha256-RA6py92AVGzuWGLjp2Zn6U6xxx1tdqOYO2yn67PH3sQ=",
        "owner": "rcarriga",
        "repo": "neotest",
        "rev": "b06b0ccbddc61acfe781689da969d2e0117b3dfe",
        "type": "github"
      },
      "original": {
        "owner": "rcarriga",
        "repo": "neotest",
        "type": "github"
      }
    },
    "neotest-haskell": {
      "flake": false,
      "locked": {
        "lastModified": 1677592158,
        "narHash": "sha256-mjxLg4asjk7ikY8czoP588nat2mJc37f5VPPKGrS3bY=",
        "owner": "MrcJkb",
        "repo": "neotest-haskell",
        "rev": "382cb801fc3aeb5db8fc9deb3a4ea90218a6880f",
        "type": "github"
      },
      "original": {
        "owner": "MrcJkb",
        "repo": "neotest-haskell",
        "type": "github"
      }
    },
    "neotest-python": {
      "flake": false,
      "locked": {
        "lastModified": 1676712877,
        "narHash": "sha256-DeMEMwMscOJrazrv9LmuaaxtN4TYow9W/D4b8MRxyz4=",
        "owner": "rcarriga",
        "repo": "neotest-python",
        "rev": "6c06041cfb45f45e276068020baa06c06fe20d5c",
        "type": "github"
      },
      "original": {
        "owner": "rcarriga",
        "repo": "neotest-python",
        "type": "github"
      }
    },
    "neotest-vim-test": {
      "flake": false,
      "locked": {
        "lastModified": 1669887197,
        "narHash": "sha256-XJPQiBAPi7+t0h5Cc3DnL8S1H2FGTxhBAI9dTuydgFI=",
        "owner": "rcarriga",
        "repo": "neotest-vim-test",
        "rev": "07f25ab7ba4e7646b38c84e10002b195a53b0096",
        "type": "github"
      },
      "original": {
        "owner": "rcarriga",
        "repo": "neotest-vim-test",
        "type": "github"
      }
    },
    "neovim-flake": {
      "inputs": {
        "flake-utils": "flake-utils",
        "nixpkgs": [
          "neovim-nightly",
          "nixpkgs"
        ]
      },
      "locked": {
        "dir": "contrib",
        "lastModified": 1677739335,
        "narHash": "sha256-+Nmh4jJWueVy/pxD1KyGcO9JIekUFFs/Az3pe5piDUE=",
        "owner": "neovim",
        "repo": "neovim",
        "rev": "fb1db80f5ab707e188be3c60539fa38eaf996f24",
        "type": "github"
      },
      "original": {
        "dir": "contrib",
        "owner": "neovim",
        "repo": "neovim",
        "type": "github"
      }
    },
    "neovim-nightly": {
      "inputs": {
        "flake-compat": "flake-compat",
        "neovim-flake": "neovim-flake",
        "nixpkgs": [
          "nixpkgs"
        ]
      },
      "locked": {
        "lastModified": 1677744945,
        "narHash": "sha256-F15QaI7q22qZ5j+ejFKnZsehNn6lxAmZvTqeEMriQ+s=",
        "owner": "nix-community",
        "repo": "neovim-nightly-overlay",
        "rev": "dbb1acd49b900866f7e2d6d84fc66b414e90bcbf",
        "type": "github"
      },
      "original": {
        "owner": "nix-community",
        "repo": "neovim-nightly-overlay",
        "type": "github"
      }
    },
    "netman": {
      "flake": false,
      "locked": {
        "lastModified": 1677418212,
        "narHash": "sha256-RlMfzkRhsa7OgRstEbqZddvUhxM1Q6lWiHCBFIGnB+8=",
        "owner": "miversen33",
        "repo": "netman.nvim",
        "rev": "947765ab067d27d13f7d577c4419ee0bb5c9daf3",
        "type": "github"
      },
      "original": {
        "owner": "miversen33",
        "repo": "netman.nvim",
        "type": "github"
      }
    },
    "nixlib": {
      "locked": {
        "lastModified": 1636849918,
        "narHash": "sha256-nzUK6dPcTmNVrgTAC1EOybSMsrcx+QrVPyqRdyKLkjA=",
        "owner": "nix-community",
        "repo": "nixpkgs.lib",
        "rev": "28a5b0557f14124608db68d3ee1f77e9329e9dd5",
        "type": "github"
      },
      "original": {
        "owner": "nix-community",
        "repo": "nixpkgs.lib",
        "type": "github"
      }
    },
    "nixos-generators": {
      "inputs": {
        "nixlib": "nixlib",
        "nixpkgs": [
          "nixpkgs"
        ]
      },
      "locked": {
        "lastModified": 1676297861,
        "narHash": "sha256-YECUmK34xzg0IERpnbCnaO6z6YgfecJlstMWX7dqOZ8=",
        "owner": "nix-community",
        "repo": "nixos-generators",
        "rev": "1e0a05219f2a557d4622bc38f542abb360518795",
        "type": "github"
      },
      "original": {
        "owner": "nix-community",
        "repo": "nixos-generators",
        "type": "github"
      }
    },
    "nixos-hardware": {
      "locked": {
        "lastModified": 1677591639,
        "narHash": "sha256-DMlAyge+u3K+JOFLA5YfdjqagdAYJf29YGBWpy5izg4=",
        "owner": "NixOS",
        "repo": "nixos-hardware",
        "rev": "77de4cd09db4dbee9551ed2853cfcf113d7dc5ce",
        "type": "github"
      },
      "original": {
        "owner": "NixOS",
        "repo": "nixos-hardware",
        "type": "github"
      }
    },
    "nixpkgs": {
      "locked": {
        "lastModified": 1677778266,
        "narHash": "sha256-e594+xNFZrnS77DDDwhqdfzeQHdiT50iwjcsVMvpZ4c=",
        "owner": "nixos",
        "repo": "nixpkgs",
        "rev": "ea56a00cfdff4c89651b0b668b04751c1a0a7582",
        "type": "github"
      },
      "original": {
        "owner": "nixos",
        "repo": "nixpkgs",
        "type": "github"
      }
    },
    "nur": {
      "locked": {
        "lastModified": 1677768464,
        "narHash": "sha256-vOTqJHhpLLspPpQTg+mT0aWHT8ahNpBQ0CtN/sN0a7M=",
        "owner": "nix-community",
        "repo": "NUR",
        "rev": "26bf8e1b216994e462928f5ca65d62e368afb3a6",
        "type": "github"
      },
      "original": {
        "owner": "nix-community",
        "repo": "NUR",
        "type": "github"
      }
    },
    "nvim-treesitter-endwise": {
      "flake": false,
      "locked": {
        "lastModified": 1664220897,
        "narHash": "sha256-Pns+3gLlwhrojKQWN+zOFxOmgRkG3vTPGoLX90Sg+oo=",
        "owner": "RRethy",
        "repo": "nvim-treesitter-endwise",
        "rev": "0cf4601c330cf724769a2394df555a57d5fd3f34",
        "type": "github"
      },
      "original": {
        "owner": "RRethy",
        "repo": "nvim-treesitter-endwise",
        "type": "github"
      }
    },
    "nvim-ufo": {
      "flake": false,
      "locked": {
        "lastModified": 1675403669,
        "narHash": "sha256-24vA7J6uStq74wAEUKIw6HlEzAs67w15KXUIRqvgo7s=",
        "owner": "kevinhwang91",
        "repo": "nvim-ufo",
        "rev": "b70c9ef0f8e2673a11387a39185ff249e00df19f",
        "type": "github"
      },
      "original": {
        "owner": "kevinhwang91",
        "repo": "nvim-ufo",
        "type": "github"
      }
    },
    "one-small-step-for-vimkind": {
      "flake": false,
      "locked": {
        "lastModified": 1675024880,
        "narHash": "sha256-0vCDdou0aujJ/ojl1K+e6uz2JxGahVLe+7fiIiO+HuA=",
        "owner": "jbyuki",
        "repo": "one-small-step-for-vimkind",
        "rev": "aef1bdbb8347e6daaf33d5109002f3df243ebfe9",
        "type": "github"
      },
      "original": {
        "owner": "jbyuki",
        "repo": "one-small-step-for-vimkind",
        "type": "github"
      }
    },
    "persistence-nvim": {
      "flake": false,
      "locked": {
        "lastModified": 1677584594,
        "narHash": "sha256-rcMmw9nNWPwu/yg7U+2RpG57HDXsPlxvRSMYxfUIp7s=",
        "owner": "folke",
        "repo": "persistence.nvim",
        "rev": "adcf6913693a0434665d162ee45a186230496f8a",
        "type": "github"
      },
      "original": {
        "owner": "folke",
        "repo": "persistence.nvim",
        "type": "github"
      }
    },
    "promise-async": {
      "flake": false,
      "locked": {
        "lastModified": 1675246102,
        "narHash": "sha256-ozjg+CkuypwEV3uErDszADpnfM1YujfapUS6dFahp4k=",
        "owner": "kevinhwang91",
        "repo": "promise-async",
        "rev": "7fa127fa80e7d4d447e0e2c78e99af4355f4247b",
        "type": "github"
      },
      "original": {
        "owner": "kevinhwang91",
        "repo": "promise-async",
        "type": "github"
      }
    },
    "replugged": {
      "inputs": {
        "nixpkgs": [
          "nixpkgs"
        ],
        "replugged": "replugged_2"
      },
      "locked": {
        "lastModified": 1669681358,
        "narHash": "sha256-lkUUaIabrTDYK7U17iTIZJ2GK90zcV42SoiBh/fdDmU=",
        "owner": "LunNova",
        "repo": "replugged-nix-flake",
        "rev": "6e6bb35f7016632cc661c31c54bdc9021229e2da",
        "type": "github"
      },
      "original": {
        "owner": "LunNova",
        "repo": "replugged-nix-flake",
        "type": "github"
      }
    },
    "replugged_2": {
      "flake": false,
      "locked": {
        "lastModified": 1664511204,
        "narHash": "sha256-wgVInLJd97vsndfSVLRvJzOl4e1yZCXYsFpp0ITZvzQ=",
        "owner": "replugged-org",
        "repo": "replugged",
        "rev": "e984d8fdae3a3585e6ca7dc7fa8aed3725062b31",
        "type": "github"
      },
      "original": {
        "owner": "replugged-org",
        "repo": "replugged",
        "type": "github"
      }
    },
    "root": {
      "inputs": {
        "agenix": "agenix",
        "bufresize-nvim": "bufresize-nvim",
        "cmp-conventionalcommits": "cmp-conventionalcommits",
        "cmp-dap": "cmp-dap",
        "cmp-nvim-lsp-signature-help": "cmp-nvim-lsp-signature-help",
        "devshell": "devshell",
        "discord-better-status": "discord-better-status",
        "discord-read-all": "discord-read-all",
        "discord-theme-slate": "discord-theme-slate",
        "discord-theme-toggler": "discord-theme-toggler",
        "discord-tweaks": "discord-tweaks",
        "discord-vc-timer": "discord-vc-timer",
        "firenvim": "firenvim",
        "haskell-tools-nvim": "haskell-tools-nvim",
        "home-manager": "home-manager",
        "hydra": "hydra",
        "impermanence": "impermanence",
        "kmonad": "kmonad",
        "mind-nvim": "mind-nvim",
        "mini-nvim": "mini-nvim",
        "mobile-nixos": "mobile-nixos",
        "mutt-trim": "mutt-trim",
        "neogen": "neogen",
        "neosolarized-nvim": "neosolarized-nvim",
        "neotest": "neotest",
        "neotest-haskell": "neotest-haskell",
        "neotest-python": "neotest-python",
        "neotest-vim-test": "neotest-vim-test",
        "neovim-nightly": "neovim-nightly",
        "netman": "netman",
        "nixos-generators": "nixos-generators",
        "nixos-hardware": "nixos-hardware",
        "nixpkgs": "nixpkgs",
        "nur": "nur",
        "nvim-treesitter-endwise": "nvim-treesitter-endwise",
        "nvim-ufo": "nvim-ufo",
        "one-small-step-for-vimkind": "one-small-step-for-vimkind",
        "persistence-nvim": "persistence-nvim",
        "promise-async": "promise-async",
        "replugged": "replugged",
        "smart-splits": "smart-splits",
        "stickybuf-nvim": "stickybuf-nvim",
        "telescope-hoogle": "telescope-hoogle",
        "treesitter-playground": "treesitter-playground",
        "unstable": "unstable",
        "utils": "utils",
        "vim-solarized8": "vim-solarized8",
        "zsh-vimode-visual": "zsh-vimode-visual"
      }
    },
    "smart-splits": {
      "flake": false,
      "locked": {
        "lastModified": 1677766371,
        "narHash": "sha256-w1PMw4YJ0quBEdiyyMXPQeWIFru8kYzYbgkX4DjPHto=",
        "owner": "mrjones2014",
        "repo": "smart-splits.nvim",
        "rev": "52b521618511b3a874255c8a717ace7155fd5f21",
        "type": "github"
      },
      "original": {
        "owner": "mrjones2014",
        "repo": "smart-splits.nvim",
        "type": "github"
      }
    },
    "stickybuf-nvim": {
      "flake": false,
      "locked": {
        "lastModified": 1664556279,
        "narHash": "sha256-o87pPmTt2vMDAo/ayQZruQuplaCtD5skTBgnG1lh9E8=",
        "owner": "stevearc",
        "repo": "stickybuf.nvim",
        "rev": "cde97217a7e81ea4488e0c32b8ae6c9d181156c8",
        "type": "github"
      },
      "original": {
        "owner": "stevearc",
        "repo": "stickybuf.nvim",
        "type": "github"
      }
    },
    "telescope-hoogle": {
      "flake": false,
      "locked": {
        "lastModified": 1666874001,
        "narHash": "sha256-VnhZ6gjwIBFw/qviA1V5azoMTUo7Nbw3xGP1bPkqWN4=",
        "owner": "luc-tielen",
        "repo": "telescope_hoogle",
        "rev": "6322f74655a2773974377a8fc8d170c00f24938f",
        "type": "github"
      },
      "original": {
        "owner": "luc-tielen",
        "repo": "telescope_hoogle",
        "type": "github"
      }
    },
    "treesitter-playground": {
      "flake": false,
      "locked": {
        "lastModified": 1676666900,
        "narHash": "sha256-e8wqVyXfZ8qmURbCO/4pOVDSSHZEaRTGZLK5ZEh0AIY=",
        "owner": "nvim-treesitter",
        "repo": "playground",
        "rev": "4044b53c4d4fcd7a78eae20b8627f78ce7dc6f56",
        "type": "github"
      },
      "original": {
        "owner": "nvim-treesitter",
        "repo": "playground",
        "type": "github"
      }
    },
    "unstable": {
      "locked": {
        "lastModified": 1677587185,
        "narHash": "sha256-zYT66MAYwctAQqI5VBw3LbBXiSKdB8vuMAqCGG8onbE=",
        "owner": "nixos",
        "repo": "nixpkgs",
        "rev": "68196a61c26748d3e53a6803de3d2f8c69f27831",
        "type": "github"
      },
      "original": {
        "owner": "nixos",
        "ref": "nixos-unstable",
        "repo": "nixpkgs",
        "type": "github"
      }
    },
    "utils": {
      "inputs": {
        "flake-utils": "flake-utils_2"
      },
      "locked": {
        "lastModified": 1657226504,
        "narHash": "sha256-GIYNjuq4mJlFgqKsZ+YrgzWm0IpA4axA3MCrdKYj7gs=",
        "owner": "gytis-ivaskevicius",
        "repo": "flake-utils-plus",
        "rev": "2bf0f91643c2e5ae38c1b26893ac2927ac9bd82a",
        "type": "github"
      },
      "original": {
        "owner": "gytis-ivaskevicius",
        "repo": "flake-utils-plus",
        "type": "github"
      }
    },
    "vim-solarized8": {
      "flake": false,
      "locked": {
        "lastModified": 1677329551,
        "narHash": "sha256-Shdyke6V26GOMIVy8FuVTzn3TNMYcvo0razxEIrHEAM=",
        "owner": "lifepillar",
        "repo": "vim-solarized8",
        "rev": "bcd4e74e9850fd59ee0294a5c3ae958ed535cc52",
        "type": "github"
      },
      "original": {
        "owner": "lifepillar",
        "repo": "vim-solarized8",
        "type": "github"
      }
    },
    "zsh-vimode-visual": {
      "flake": false,
      "locked": {
        "lastModified": 1553504063,
        "narHash": "sha256-rVFWVouNHBswDplmTlswy79OPTY74vdl5Xyg5RVAgFQ=",
        "owner": "b4b4r07",
        "repo": "zsh-vimode-visual",
        "rev": "1e39cf896d87e367f76d84f8db4a79506fc556c1",
        "type": "github"
      },
      "original": {
        "owner": "b4b4r07",
        "repo": "zsh-vimode-visual",
        "type": "github"
      }
    }
  },
  "root": "root",
  "version": 7
}
