{
  "nodes": {
    "agenix": {
      "inputs": {
        "nixpkgs": [
          "foxnet",
          "nixpkgs"
        ]
      },
      "locked": {
        "lastModified": 1641576265,
        "narHash": "sha256-G4W39k5hdu2kS13pi/RhyTOySAo7rmrs7yMUZRH0OZI=",
        "owner": "ryantm",
        "repo": "agenix",
        "rev": "08b9c96878b2f9974fc8bde048273265ad632357",
        "type": "github"
      },
      "original": {
        "owner": "ryantm",
        "repo": "agenix",
        "type": "github"
      }
    },
    "cmp-buffer": {
      "flake": false,
      "locked": {
        "lastModified": 1638920207,
        "narHash": "sha256-FYAb3Wv9wbaxvv7PXi4ko4mqmsRo2V7yM42Ci+3ST0w=",
        "owner": "hrsh7th",
        "repo": "cmp-buffer",
        "rev": "a0fe52489ff6e235d62407f8fa72aef80222040a",
        "type": "github"
      },
      "original": {
        "owner": "hrsh7th",
        "repo": "cmp-buffer",
        "type": "github"
      }
    },
    "cmp-nvim-lsp": {
      "flake": false,
      "locked": {
        "lastModified": 1636543770,
        "narHash": "sha256-jLfW4xoYnEOWa7oWSmkB7vNxu9Jgttbme+nTiAC92so=",
        "owner": "hrsh7th",
        "repo": "cmp-nvim-lsp",
        "rev": "134117299ff9e34adde30a735cd8ca9cf8f3db81",
        "type": "github"
      },
      "original": {
        "owner": "hrsh7th",
        "repo": "cmp-nvim-lsp",
        "type": "github"
      }
    },
    "deploy-rs": {
      "inputs": {
        "flake-compat": "flake-compat",
        "nixpkgs": [
          "nixpkgs"
        ],
        "utils": [
          "utils"
        ]
      },
      "locked": {
        "lastModified": 1641976303,
        "narHash": "sha256-RrGWgT68L7hRc8NaFpqk10sh8wjEnEdFKkYzJYUS/h4=",
        "owner": "serokell",
        "repo": "deploy-rs",
        "rev": "584ec123d358a6490156595b510c2e786f8886f8",
        "type": "github"
      },
      "original": {
        "owner": "serokell",
        "repo": "deploy-rs",
        "type": "github"
      }
    },
    "deploy-rs_2": {
      "inputs": {
        "flake-compat": "flake-compat_2",
        "nixpkgs": [
          "foxnet",
          "nixpkgs"
        ],
        "utils": [
          "foxnet",
          "utils"
        ]
      },
      "locked": {
        "lastModified": 1638665590,
        "narHash": "sha256-nhtfL3z4TizWHemyZvgLvq11FhYX5Ya4ke+t6Np5PKQ=",
        "owner": "serokell",
        "repo": "deploy-rs",
        "rev": "715e92a13018bc1745fb680b5860af0c5641026a",
        "type": "github"
      },
      "original": {
        "owner": "serokell",
        "repo": "deploy-rs",
        "type": "github"
      }
    },
    "devshell": {
      "locked": {
        "lastModified": 1639692811,
        "narHash": "sha256-wOOBH0fVsfNqw/5ZWRoKspyesoXBgiwEOUBH4c7JKEo=",
        "owner": "numtide",
        "repo": "devshell",
        "rev": "d3a1f5bec3632b33346865b1c165bf2420bb2f52",
        "type": "github"
      },
      "original": {
        "owner": "numtide",
        "repo": "devshell",
        "type": "github"
      }
    },
    "discord-better-status": {
      "flake": false,
      "locked": {
        "lastModified": 1638530151,
        "narHash": "sha256-DhTne4HdDpxEgBquFzw3jraL1SX2HiG791HdKd9s9Xw=",
        "owner": "GriefMoDz",
        "repo": "better-status-indicators",
        "rev": "545a0b9d837fc6178bc6df4476f88ed0397ad74c",
        "type": "github"
      },
      "original": {
        "owner": "GriefMoDz",
        "repo": "better-status-indicators",
        "type": "github"
      }
    },
    "discord-read-all": {
      "flake": false,
      "locked": {
        "lastModified": 1573235933,
        "narHash": "sha256-Lu202rUBNG0knHmGrenrLyv9uElBCkpzl89fPGZoQ/c=",
        "owner": "intrnl",
        "repo": "powercord-read-all",
        "rev": "60dac33fe5bea3bcdaa5f02ffa9500ef1958c709",
        "type": "github"
      },
      "original": {
        "owner": "intrnl",
        "repo": "powercord-read-all",
        "type": "github"
      }
    },
    "discord-theme-slate": {
      "flake": false,
      "locked": {
        "lastModified": 1639005653,
        "narHash": "sha256-LJimW6sa7ZNqD1gvPHStUnxcji0hXbKzn6sQ2eqOy9A=",
        "owner": "DiscordStyles",
        "repo": "Slate",
        "rev": "473aa35596bbe4df34d3aaedea3741f549b4b597",
        "type": "github"
      },
      "original": {
        "owner": "DiscordStyles",
        "repo": "Slate",
        "type": "github"
      }
    },
    "discord-theme-toggler": {
      "flake": false,
      "locked": {
        "lastModified": 1636501799,
        "narHash": "sha256-wq1x1rNBkcTuATDbR9yLykUmMRGGRPg6fDfPxl4qE2Q=",
        "owner": "redstonekasi",
        "repo": "theme-toggler",
        "rev": "c8063b35ec9d42064d36845950a53cd6e2099458",
        "type": "github"
      },
      "original": {
        "owner": "redstonekasi",
        "repo": "theme-toggler",
        "type": "github"
      }
    },
    "discord-tweaks": {
      "flake": false,
      "locked": {
        "lastModified": 1627600834,
        "narHash": "sha256-xSzbP86w5OUy1ZO1iHgv1drbujtlPQAgJmLA3x7UOFc=",
        "owner": "NurMarvin",
        "repo": "discord-tweaks",
        "rev": "bc28b090f9ed706d7f8271aeaa64bdcb886fd0ef",
        "type": "github"
      },
      "original": {
        "owner": "NurMarvin",
        "repo": "discord-tweaks",
        "type": "github"
      }
    },
    "discord-vc-timer": {
      "flake": false,
      "locked": {
        "lastModified": 1621410072,
        "narHash": "sha256-Mz3YrpXLPjYbGifL1UUP534E2drbl7mx3WQnM3s+dlI=",
        "owner": "RazerMoon",
        "repo": "vcTimer",
        "rev": "2a1860380b442f15070173a6f3c678bf60873eb1",
        "type": "github"
      },
      "original": {
        "owner": "RazerMoon",
        "repo": "vcTimer",
        "type": "github"
      }
    },
    "flake-compat": {
      "flake": false,
      "locked": {
        "lastModified": 1627913399,
        "narHash": "sha256-hY8g6H2KFL8ownSiFeMOjwPC8P0ueXpCVEbxgda3pko=",
        "owner": "edolstra",
        "repo": "flake-compat",
        "rev": "12c64ca55c1014cdc1b16ed5a804aa8576601ff2",
        "type": "github"
      },
      "original": {
        "owner": "edolstra",
        "repo": "flake-compat",
        "type": "github"
      }
    },
    "flake-compat_2": {
      "flake": false,
      "locked": {
        "lastModified": 1627913399,
        "narHash": "sha256-hY8g6H2KFL8ownSiFeMOjwPC8P0ueXpCVEbxgda3pko=",
        "owner": "edolstra",
        "repo": "flake-compat",
        "rev": "12c64ca55c1014cdc1b16ed5a804aa8576601ff2",
        "type": "github"
      },
      "original": {
        "owner": "edolstra",
        "repo": "flake-compat",
        "type": "github"
      }
    },
    "flake-compat_3": {
      "flake": false,
      "locked": {
        "lastModified": 1627913399,
        "narHash": "sha256-hY8g6H2KFL8ownSiFeMOjwPC8P0ueXpCVEbxgda3pko=",
        "owner": "edolstra",
        "repo": "flake-compat",
        "rev": "12c64ca55c1014cdc1b16ed5a804aa8576601ff2",
        "type": "github"
      },
      "original": {
        "owner": "edolstra",
        "repo": "flake-compat",
        "type": "github"
      }
    },
    "flake-utils": {
      "locked": {
        "lastModified": 1629481132,
        "narHash": "sha256-JHgasjPR0/J1J3DRm4KxM4zTyAj4IOJY8vIl75v/kPI=",
        "owner": "numtide",
        "repo": "flake-utils",
        "rev": "997f7efcb746a9c140ce1f13c72263189225f482",
        "type": "github"
      },
      "original": {
        "owner": "numtide",
        "repo": "flake-utils",
        "type": "github"
      }
    },
    "flake-utils_2": {
      "locked": {
        "lastModified": 1638122382,
        "narHash": "sha256-sQzZzAbvKEqN9s0bzWuYmRaA03v40gaJ4+iL1LXjaeI=",
        "owner": "numtide",
        "repo": "flake-utils",
        "rev": "74f7e4319258e287b0f9cb95426c9853b282730b",
        "type": "github"
      },
      "original": {
        "owner": "numtide",
        "repo": "flake-utils",
        "type": "github"
      }
    },
    "flake-utils_3": {
      "locked": {
        "lastModified": 1638122382,
        "narHash": "sha256-sQzZzAbvKEqN9s0bzWuYmRaA03v40gaJ4+iL1LXjaeI=",
        "owner": "numtide",
        "repo": "flake-utils",
        "rev": "74f7e4319258e287b0f9cb95426c9853b282730b",
        "type": "github"
      },
      "original": {
        "owner": "numtide",
        "repo": "flake-utils",
        "type": "github"
      }
    },
    "foxnet": {
      "inputs": {
        "agenix": "agenix",
        "cmp-buffer": "cmp-buffer",
        "cmp-nvim-lsp": "cmp-nvim-lsp",
        "deploy-rs": "deploy-rs_2",
        "devshell": "devshell",
        "discord-better-status": "discord-better-status",
        "discord-read-all": "discord-read-all",
        "discord-theme-slate": "discord-theme-slate",
        "discord-theme-toggler": "discord-theme-toggler",
        "discord-tweaks": "discord-tweaks",
        "discord-vc-timer": "discord-vc-timer",
        "home-manager": "home-manager",
        "mutt-trim": "mutt-trim",
        "neovim-nightly": "neovim-nightly",
        "nixpkgs": "nixpkgs_2",
        "nur": "nur",
        "nvim-cmp": "nvim-cmp",
        "powercord": "powercord",
        "telescope-hoogle": "telescope-hoogle",
        "unstable": "unstable",
        "utils": "utils",
        "vim-solarized8": "vim-solarized8",
        "zsh-vimode-visual": "zsh-vimode-visual"
      },
      "locked": {
        "narHash": "sha256-Q6gqGzioVEFEmGmdLSyrIKa1lM/knNXWuKaXfs5wzro=",
        "path": "/nix/store/qnsi3bj4gc89xshprwswmm8sm12anw4v-source",
        "type": "path"
      },
      "original": {
        "path": "/nix/store/qnsi3bj4gc89xshprwswmm8sm12anw4v-source",
        "type": "path"
      }
    },
    "home-manager": {
      "inputs": {
        "nixpkgs": [
          "foxnet",
          "nixpkgs"
        ]
      },
      "locked": {
        "lastModified": 1639891275,
        "narHash": "sha256-2IMLVTtOHV9kBsirGPRpo8NE48Mjq20iXN7l7uy0YjE=",
        "owner": "nix-community",
        "repo": "home-manager",
        "rev": "3db603677509eb0b8c396a3234b1d4b70d023894",
        "type": "github"
      },
      "original": {
        "owner": "nix-community",
        "repo": "home-manager",
        "type": "github"
      }
    },
    "mutt-trim": {
      "flake": false,
      "locked": {
        "lastModified": 1623487613,
        "narHash": "sha256-Rd51+XPa3L7t+6dlWaHcaY7hBKKWeg5hQhBekFsQcOw=",
        "owner": "Konfekt",
        "repo": "mutt-trim",
        "rev": "08ef5faf07b06b9abda7909f5b15cf84150f821a",
        "type": "github"
      },
      "original": {
        "owner": "Konfekt",
        "repo": "mutt-trim",
        "type": "github"
      }
    },
    "neovim-flake": {
      "inputs": {
        "flake-utils": "flake-utils",
        "nixpkgs": "nixpkgs"
      },
      "locked": {
        "dir": "contrib",
        "lastModified": 1639886342,
        "narHash": "sha256-OkI09enAc4ID1zrxLkHR5b+WgUL2r2C9BIG4+gwVDFU=",
        "owner": "neovim",
        "repo": "neovim",
        "rev": "abdf3a8128b78fb98ee944bc5d3086c680d779ed",
        "type": "github"
      },
      "original": {
        "dir": "contrib",
        "owner": "neovim",
        "repo": "neovim",
        "type": "github"
      }
    },
    "neovim-nightly": {
      "inputs": {
        "flake-compat": "flake-compat_3",
        "neovim-flake": "neovim-flake",
        "nixpkgs": [
          "foxnet",
          "nixpkgs"
        ]
      },
      "locked": {
        "lastModified": 1639901638,
        "narHash": "sha256-ZMP2xjjo3tHlWfgCd3Odn6qKNpNbvbawjcVpww54A1U=",
        "owner": "nix-community",
        "repo": "neovim-nightly-overlay",
        "rev": "8f7a0bbc9080f55c000344658a071994aa9c6b4b",
        "type": "github"
      },
      "original": {
        "owner": "nix-community",
        "repo": "neovim-nightly-overlay",
        "type": "github"
      }
    },
    "nixpkgs": {
      "locked": {
        "lastModified": 1642104392,
        "narHash": "sha256-m71b7MgMh9FDv4MnI5sg9MiBVW6DhE1zq+d/KlLWSC8=",
        "owner": "nixos",
        "repo": "nixpkgs",
        "rev": "5aaed40d22f0d9376330b6fa413223435ad6fee5",
        "type": "github"
      },
      "original": {
        "owner": "nixos",
        "ref": "nixos-unstable",
        "repo": "nixpkgs",
        "type": "github"
      }
    },
    "nixpkgs_2": {
      "locked": {
        "lastModified": 1639954704,
        "narHash": "sha256-y3fA8qxn8hCmm2iMIL0dpzPb04h/TQJSqNbIL6VVbL4=",
        "owner": "nixos",
        "repo": "nixpkgs",
        "rev": "69a2c62cf7f9f6e23d0e72f960fd6f902779500b",
        "type": "github"
      },
      "original": {
        "owner": "nixos",
        "repo": "nixpkgs",
        "type": "github"
      }
    },
    "nixpkgs_3": {
      "locked": {
        "lastModified": 1642003304,
        "narHash": "sha256-OTOs8GiIQFFdkwzun5fNdYX3hiP0q8MFAyTTPr0dRhk=",
        "owner": "nixos",
        "repo": "nixpkgs",
        "rev": "de568b1772d4e5bea499c74cdc8bd2c52207b574",
        "type": "github"
      },
      "original": {
        "owner": "nixos",
        "repo": "nixpkgs",
        "type": "github"
      }
    },
    "nur": {
      "locked": {
        "lastModified": 1639954420,
        "narHash": "sha256-iGxP8kMdWKm1nH+vcD0+fEW8MxUvg7ys8hIKQkAkI2E=",
        "owner": "nix-community",
        "repo": "NUR",
        "rev": "2d20fef6957cb798f2f4ff72ad146915923b67e5",
        "type": "github"
      },
      "original": {
        "owner": "nix-community",
        "repo": "NUR",
        "type": "github"
      }
    },
    "nvim-cmp": {
      "flake": false,
      "locked": {
        "lastModified": 1639842196,
        "narHash": "sha256-xiC5cCUE18S5M2rxDXCTwLV5ZmCy6Z7lDzur53xVAQ0=",
        "owner": "hrsh7th",
        "repo": "nvim-cmp",
        "rev": "b11f8bbee3d7ba5190b043e23bd6f5b9cb82382c",
        "type": "github"
      },
      "original": {
        "owner": "hrsh7th",
        "repo": "nvim-cmp",
        "type": "github"
      }
    },
    "powercord": {
      "inputs": {
        "nixpkgs": [
          "foxnet",
          "nixpkgs"
        ],
        "powercord": "powercord_2",
        "utils": [
          "foxnet",
          "utils"
        ]
      },
      "locked": {
        "lastModified": 1639834273,
        "narHash": "sha256-bBkhaGros/5PjaEn5R42X8L940RtBIo3aFyqSiER8SI=",
        "owner": "LavaDesu",
        "repo": "powercord-overlay",
        "rev": "7fa092ccd95c81bdd28802aec77649e02c34aaa9",
        "type": "github"
      },
      "original": {
        "owner": "LavaDesu",
        "repo": "powercord-overlay",
        "type": "github"
      }
    },
    "powercord_2": {
      "flake": false,
      "locked": {
        "lastModified": 1634897852,
        "narHash": "sha256-VuPvcTGkhTnZhrAskKWjuT8AigL+T7Lg3kUNRBJXi5E=",
        "owner": "powercord-org",
        "repo": "powercord",
        "rev": "1d2318bcd7c5e5a5230d8bf25813ed648cfd7b76",
        "type": "github"
      },
      "original": {
        "owner": "powercord-org",
        "repo": "powercord",
        "type": "github"
      }
    },
    "root": {
      "inputs": {
        "deploy-rs": "deploy-rs",
        "foxnet": "foxnet",
        "nixpkgs": "nixpkgs_3",
        "utils": "utils_2"
      }
    },
    "telescope-hoogle": {
      "flake": false,
      "locked": {
        "lastModified": 1615453063,
        "narHash": "sha256-uMriQ9NeeYySrbRuOdycJOdL0PV+mp8MSYGB3TMHOsQ=",
        "owner": "luc-tielen",
        "repo": "telescope_hoogle",
        "rev": "01d3b174754cb335a7f06ce602f1690e34bb63de",
        "type": "github"
      },
      "original": {
        "owner": "luc-tielen",
        "repo": "telescope_hoogle",
        "type": "github"
      }
    },
    "unstable": {
      "locked": {
        "lastModified": 1639876010,
        "narHash": "sha256-naGsoUfsY92NaIGiFI8XFXBnesw8BQGe694xcfaLMDI=",
        "owner": "nixos",
        "repo": "nixpkgs",
        "rev": "395879c28386e1abf20c7ecacd45880759548391",
        "type": "github"
      },
      "original": {
        "owner": "nixos",
        "ref": "nixos-unstable",
        "repo": "nixpkgs",
        "type": "github"
      }
    },
    "utils": {
      "inputs": {
        "flake-utils": "flake-utils_2"
      },
      "locked": {
        "lastModified": 1639385028,
        "narHash": "sha256-oqorKz3mwf7UuDJwlbCEYCB2LfcWLL0DkeCWhRIL820=",
        "owner": "gytis-ivaskevicius",
        "repo": "flake-utils-plus",
        "rev": "be1be083af014720c14f3b574f57b6173b4915d0",
        "type": "github"
      },
      "original": {
        "owner": "gytis-ivaskevicius",
        "repo": "flake-utils-plus",
        "type": "github"
      }
    },
    "utils_2": {
      "inputs": {
        "flake-utils": "flake-utils_3"
      },
      "locked": {
        "lastModified": 1639385028,
        "narHash": "sha256-oqorKz3mwf7UuDJwlbCEYCB2LfcWLL0DkeCWhRIL820=",
        "owner": "gytis-ivaskevicius",
        "repo": "flake-utils-plus",
        "rev": "be1be083af014720c14f3b574f57b6173b4915d0",
        "type": "github"
      },
      "original": {
        "owner": "gytis-ivaskevicius",
        "repo": "flake-utils-plus",
        "type": "github"
      }
    },
    "vim-solarized8": {
      "flake": false,
      "locked": {
        "lastModified": 1619289479,
        "narHash": "sha256-usnDuV0EJ7jD0eB+/NLIhLRle865hbbuF7MC33R3AG8=",
        "owner": "lifepillar",
        "repo": "vim-solarized8",
        "rev": "28b81a4263054f9584a98f94cca3e42815d44725",
        "type": "github"
      },
      "original": {
        "owner": "lifepillar",
        "repo": "vim-solarized8",
        "type": "github"
      }
    },
    "zsh-vimode-visual": {
      "flake": false,
      "locked": {
        "lastModified": 1553504063,
        "narHash": "sha256-rVFWVouNHBswDplmTlswy79OPTY74vdl5Xyg5RVAgFQ=",
        "owner": "b4b4r07",
        "repo": "zsh-vimode-visual",
        "rev": "1e39cf896d87e367f76d84f8db4a79506fc556c1",
        "type": "github"
      },
      "original": {
        "owner": "b4b4r07",
        "repo": "zsh-vimode-visual",
        "type": "github"
      }
    }
  },
  "root": "root",
  "version": 7
}
